
Microsoft Visual Studio Solution File, Format Version 12.00
# Visual Studio Version 17
VisualStudioVersion = 17.0.31903.59
MinimumVisualStudioVersion = 10.0.40219.1
Project("{2150E333-8FDC-42A3-9474-1A3956D46DE8}") = "src", "src", "{DABD21B8-5FC5-4CD3-BE7B-29976127441B}"
EndProject
Project("{FAE04EC0-301F-11D3-BF4B-00C04F79EFBC}") = "Payroc.WeatherGenerator.Application", "src\Payroc.WeatherGenerator.Application\Payroc.WeatherGenerator.Application.csproj", "{4116044F-4BFC-4360-BB1D-3B38549D8E73}"
EndProject
Project("{FAE04EC0-301F-11D3-BF4B-00C04F79EFBC}") = "Payroc.WeatherGenerator.ConsoleApp", "src\Payroc.WeatherGenerator.ConsoleApp\Payroc.WeatherGenerator.ConsoleApp.csproj", "{44A434A2-4BAC-43E0-8667-5CFA59E5697C}"
EndProject
Global
	GlobalSection(SolutionConfigurationPlatforms) = preSolution
		Debug|Any CPU = Debug|Any CPU
		Release|Any CPU = Release|Any CPU
	EndGlobalSection
	GlobalSection(SolutionProperties) = preSolution
		HideSolutionNode = FALSE
	EndGlobalSection
	GlobalSection(ProjectConfigurationPlatforms) = postSolution
		{4116044F-4BFC-4360-BB1D-3B38549D8E73}.Debug|Any CPU.ActiveCfg = Debug|Any CPU
		{4116044F-4BFC-4360-BB1D-3B38549D8E73}.Debug|Any CPU.Build.0 = Debug|Any CPU
		{4116044F-4BFC-4360-BB1D-3B38549D8E73}.Release|Any CPU.ActiveCfg = Release|Any CPU
		{4116044F-4BFC-4360-BB1D-3B38549D8E73}.Release|Any CPU.Build.0 = Release|Any CPU
		{44A434A2-4BAC-43E0-8667-5CFA59E5697C}.Debug|Any CPU.ActiveCfg = Debug|Any CPU
		{44A434A2-4BAC-43E0-8667-5CFA59E5697C}.Debug|Any CPU.Build.0 = Debug|Any CPU
		{44A434A2-4BAC-43E0-8667-5CFA59E5697C}.Release|Any CPU.ActiveCfg = Release|Any CPU
		{44A434A2-4BAC-43E0-8667-5CFA59E5697C}.Release|Any CPU.Build.0 = Release|Any CPU
	EndGlobalSection
	GlobalSection(NestedProjects) = preSolution
		{4116044F-4BFC-4360-BB1D-3B38549D8E73} = {DABD21B8-5FC5-4CD3-BE7B-29976127441B}
		{44A434A2-4BAC-43E0-8667-5CFA59E5697C} = {DABD21B8-5FC5-4CD3-BE7B-29976127441B}
	EndGlobalSection
EndGlobal
